
Microsoft Visual Studio Solution File, Format Version 12.00
# Visual Studio Version 17
VisualStudioVersion = 17.4.33213.308
MinimumVisualStudioVersion = 10.0.40219.1
Project("{9A19103F-16F7-4668-BE54-9A1E7A4F7556}") = "TaskManagementSystem.Api", "Task Management System\TaskManagementSystem.Api.csproj", "{E98C5143-B664-4845-9A35-8F8F24967249}"
EndProject
Project("{9A19103F-16F7-4668-BE54-9A1E7A4F7556}") = "TaskManagementSystem.Infrastructure", "TaskManagementSystem.Infrastructure\TaskManagementSystem.Infrastructure.csproj", "{FBF50AD6-4FA2-45C5-8D3E-CB0A316EBDC1}"
EndProject
Project("{9A19103F-16F7-4668-BE54-9A1E7A4F7556}") = "TaskManagementSystem.Core", "TaskManagementSystem.Core\TaskManagementSystem.Core.csproj", "{DB879197-5BA1-4B74-A512-5C637A702E0C}"
EndProject
Project("{FAE04EC0-301F-11D3-BF4B-00C04F79EFBC}") = "TaskManagementSystem.Shared", "TaskManagementSystem.Shared\TaskManagementSystem.Shared.csproj", "{CD36495C-A6D4-4EFD-B8D5-82976048BEEB}"
EndProject
Global
	GlobalSection(SolutionConfigurationPlatforms) = preSolution
		Debug|Any CPU = Debug|Any CPU
		Release|Any CPU = Release|Any CPU
	EndGlobalSection
	GlobalSection(ProjectConfigurationPlatforms) = postSolution
		{E98C5143-B664-4845-9A35-8F8F24967249}.Debug|Any CPU.ActiveCfg = Debug|Any CPU
		{E98C5143-B664-4845-9A35-8F8F24967249}.Debug|Any CPU.Build.0 = Debug|Any CPU
		{E98C5143-B664-4845-9A35-8F8F24967249}.Release|Any CPU.ActiveCfg = Release|Any CPU
		{E98C5143-B664-4845-9A35-8F8F24967249}.Release|Any CPU.Build.0 = Release|Any CPU
		{FBF50AD6-4FA2-45C5-8D3E-CB0A316EBDC1}.Debug|Any CPU.ActiveCfg = Debug|Any CPU
		{FBF50AD6-4FA2-45C5-8D3E-CB0A316EBDC1}.Debug|Any CPU.Build.0 = Debug|Any CPU
		{FBF50AD6-4FA2-45C5-8D3E-CB0A316EBDC1}.Release|Any CPU.ActiveCfg = Release|Any CPU
		{FBF50AD6-4FA2-45C5-8D3E-CB0A316EBDC1}.Release|Any CPU.Build.0 = Release|Any CPU
		{DB879197-5BA1-4B74-A512-5C637A702E0C}.Debug|Any CPU.ActiveCfg = Debug|Any CPU
		{DB879197-5BA1-4B74-A512-5C637A702E0C}.Debug|Any CPU.Build.0 = Debug|Any CPU
		{DB879197-5BA1-4B74-A512-5C637A702E0C}.Release|Any CPU.ActiveCfg = Release|Any CPU
		{DB879197-5BA1-4B74-A512-5C637A702E0C}.Release|Any CPU.Build.0 = Release|Any CPU
		{CD36495C-A6D4-4EFD-B8D5-82976048BEEB}.Debug|Any CPU.ActiveCfg = Debug|Any CPU
		{CD36495C-A6D4-4EFD-B8D5-82976048BEEB}.Debug|Any CPU.Build.0 = Debug|Any CPU
		{CD36495C-A6D4-4EFD-B8D5-82976048BEEB}.Release|Any CPU.ActiveCfg = Release|Any CPU
		{CD36495C-A6D4-4EFD-B8D5-82976048BEEB}.Release|Any CPU.Build.0 = Release|Any CPU
	EndGlobalSection
	GlobalSection(SolutionProperties) = preSolution
		HideSolutionNode = FALSE
	EndGlobalSection
	GlobalSection(ExtensibilityGlobals) = postSolution
		SolutionGuid = {1F7C0147-C247-445C-ACAE-918A9BCF23D1}
	EndGlobalSection
EndGlobal
